{
  "name": "@codryx/agent-dev-pipeline",
  "version": "0.4.0",
  "lockfileVersion": 3,
  "requires": true,
  "packages": {
    "": {
      "name": "@codryx/agent-dev-pipeline",
      "version": "0.4.0",
      "license": "MIT",
      "bin": {
        "adp": "bin/adp.js"
      },
      "devDependencies": {},
      "engines": {
        "node": ">=20"
      }
    }
  }
}
